
Microsoft Visual Studio Solution File, Format Version 12.00
# Visual Studio Version 17
VisualStudioVersion = 17.8.34330.188
MinimumVisualStudioVersion = 10.0.40219.1
Project("{FAE04EC0-301F-11D3-BF4B-00C04F79EFBC}") = "OOP", "OOP.csproj", "{259B3AD1-A754-47A6-97F5-68F76F411DFC}"
EndProject
Global
	GlobalSection(SolutionConfigurationPlatforms) = preSolution
		Debug|Any CPU = Debug|Any CPU
		Release|Any CPU = Release|Any CPU
	EndGlobalSection
	GlobalSection(ProjectConfigurationPlatforms) = postSolution
		{259B3AD1-A754-47A6-97F5-68F76F411DFC}.Debug|Any CPU.ActiveCfg = Debug|Any CPU
		{259B3AD1-A754-47A6-97F5-68F76F411DFC}.Debug|Any CPU.Build.0 = Debug|Any CPU
		{259B3AD1-A754-47A6-97F5-68F76F411DFC}.Release|Any CPU.ActiveCfg = Release|Any CPU
		{259B3AD1-A754-47A6-97F5-68F76F411DFC}.Release|Any CPU.Build.0 = Release|Any CPU
	EndGlobalSection
	GlobalSection(SolutionProperties) = preSolution
		HideSolutionNode = FALSE
	EndGlobalSection
	GlobalSection(ExtensibilityGlobals) = postSolution
		SolutionGuid = {094FA26C-9A01-4F45-A224-4DF9E932FAD4}
	EndGlobalSection
EndGlobal
